
Microsoft Visual Studio Solution File, Format Version 12.00
# Visual Studio Version 17
VisualStudioVersion = 17.10.35013.160
MinimumVisualStudioVersion = 10.0.40219.1
Project("{FAE04EC0-301F-11D3-BF4B-00C04F79EFBC}") = "DataGridView_team4", "DataGridView_team4.csproj", "{E759A141-7C60-4D42-92D0-42C71AD490D3}"
EndProject
Project("{2150E333-8FDC-42A3-9474-1A3956D46DE8}") = "Solution Items", "Solution Items", "{3651A511-E710-44F6-90F9-F8A70271BD41}"
	ProjectSection(SolutionItems) = preProject
		.editorconfig = .editorconfig
	EndProjectSection
EndProject
Project("{9A19103F-16F7-4668-BE54-9A1E7A4F7556}") = "DataGridView_team4.Standart.Contracts", "DataGridView_team4.Standart.Contracts\DataGridView_team4.Standart.Contracts.csproj", "{B83B19C7-F4E4-468D-9B87-A0EB25B9B6B8}"
EndProject
Project("{9A19103F-16F7-4668-BE54-9A1E7A4F7556}") = "DataGridView_team4.Standart.Tour.Service", "DataGridView_team4.Standart.Tour.Service\DataGridView_team4.Standart.Tour.Service.csproj", "{620C63D3-E79A-4AB9-9DF1-0E5092F3D0E0}"
EndProject
Project("{9A19103F-16F7-4668-BE54-9A1E7A4F7556}") = "DataGridView_team4.Standart.Memory.Storage", "DataGridView_team4.Standart.Memory.Storage\DataGridView_team4.Standart.Memory.Storage.csproj", "{4DB8AB67-8AA1-4F43-B8CD-167E8FB7F661}"
EndProject
Project("{FAE04EC0-301F-11D3-BF4B-00C04F79EFBC}") = "DataGridView_team4.Standart.Memory.Storage.Test", "DataGridView_team4.Standart.Memory.Storage.Test\DataGridView_team4.Standart.Memory.Storage.Test.csproj", "{DDC5C235-42FC-4F02-A0E7-5695A8317DC2}"
EndProject
Project("{FAE04EC0-301F-11D3-BF4B-00C04F79EFBC}") = "DataGridView_team4.Standart.Tour.Service.Test", "DataGridView_team4.Standart.Tour.Service.Test\DataGridView_team4.Standart.Tour.Service.Test.csproj", "{66BF6CFF-E4E5-486A-B32F-95B0CD058479}"
EndProject
Project("{FAE04EC0-301F-11D3-BF4B-00C04F79EFBC}") = "DataGridView_team4.Standart.Storage.Database", "DataGridView_team4.Standart.Storage.Database\DataGridView_team4.Standart.Storage.Database.csproj", "{92EFB7DC-537F-4758-9A98-354BBC1DEAF0}"
EndProject
Global
	GlobalSection(SolutionConfigurationPlatforms) = preSolution
		Debug|Any CPU = Debug|Any CPU
		Release|Any CPU = Release|Any CPU
	EndGlobalSection
	GlobalSection(ProjectConfigurationPlatforms) = postSolution
		{E759A141-7C60-4D42-92D0-42C71AD490D3}.Debug|Any CPU.ActiveCfg = Debug|Any CPU
		{E759A141-7C60-4D42-92D0-42C71AD490D3}.Debug|Any CPU.Build.0 = Debug|Any CPU
		{E759A141-7C60-4D42-92D0-42C71AD490D3}.Release|Any CPU.ActiveCfg = Release|Any CPU
		{E759A141-7C60-4D42-92D0-42C71AD490D3}.Release|Any CPU.Build.0 = Release|Any CPU
		{B83B19C7-F4E4-468D-9B87-A0EB25B9B6B8}.Debug|Any CPU.ActiveCfg = Debug|Any CPU
		{B83B19C7-F4E4-468D-9B87-A0EB25B9B6B8}.Debug|Any CPU.Build.0 = Debug|Any CPU
		{B83B19C7-F4E4-468D-9B87-A0EB25B9B6B8}.Release|Any CPU.ActiveCfg = Release|Any CPU
		{B83B19C7-F4E4-468D-9B87-A0EB25B9B6B8}.Release|Any CPU.Build.0 = Release|Any CPU
		{620C63D3-E79A-4AB9-9DF1-0E5092F3D0E0}.Debug|Any CPU.ActiveCfg = Debug|Any CPU
		{620C63D3-E79A-4AB9-9DF1-0E5092F3D0E0}.Debug|Any CPU.Build.0 = Debug|Any CPU
		{620C63D3-E79A-4AB9-9DF1-0E5092F3D0E0}.Release|Any CPU.ActiveCfg = Release|Any CPU
		{620C63D3-E79A-4AB9-9DF1-0E5092F3D0E0}.Release|Any CPU.Build.0 = Release|Any CPU
		{4DB8AB67-8AA1-4F43-B8CD-167E8FB7F661}.Debug|Any CPU.ActiveCfg = Debug|Any CPU
		{4DB8AB67-8AA1-4F43-B8CD-167E8FB7F661}.Debug|Any CPU.Build.0 = Debug|Any CPU
		{4DB8AB67-8AA1-4F43-B8CD-167E8FB7F661}.Release|Any CPU.ActiveCfg = Release|Any CPU
		{4DB8AB67-8AA1-4F43-B8CD-167E8FB7F661}.Release|Any CPU.Build.0 = Release|Any CPU
		{DDC5C235-42FC-4F02-A0E7-5695A8317DC2}.Debug|Any CPU.ActiveCfg = Debug|Any CPU
		{DDC5C235-42FC-4F02-A0E7-5695A8317DC2}.Debug|Any CPU.Build.0 = Debug|Any CPU
		{DDC5C235-42FC-4F02-A0E7-5695A8317DC2}.Release|Any CPU.ActiveCfg = Release|Any CPU
		{DDC5C235-42FC-4F02-A0E7-5695A8317DC2}.Release|Any CPU.Build.0 = Release|Any CPU
		{66BF6CFF-E4E5-486A-B32F-95B0CD058479}.Debug|Any CPU.ActiveCfg = Debug|Any CPU
		{66BF6CFF-E4E5-486A-B32F-95B0CD058479}.Debug|Any CPU.Build.0 = Debug|Any CPU
		{66BF6CFF-E4E5-486A-B32F-95B0CD058479}.Release|Any CPU.ActiveCfg = Release|Any CPU
		{66BF6CFF-E4E5-486A-B32F-95B0CD058479}.Release|Any CPU.Build.0 = Release|Any CPU
		{92EFB7DC-537F-4758-9A98-354BBC1DEAF0}.Debug|Any CPU.ActiveCfg = Debug|Any CPU
		{92EFB7DC-537F-4758-9A98-354BBC1DEAF0}.Debug|Any CPU.Build.0 = Debug|Any CPU
		{92EFB7DC-537F-4758-9A98-354BBC1DEAF0}.Release|Any CPU.ActiveCfg = Release|Any CPU
		{92EFB7DC-537F-4758-9A98-354BBC1DEAF0}.Release|Any CPU.Build.0 = Release|Any CPU
	EndGlobalSection
	GlobalSection(SolutionProperties) = preSolution
		HideSolutionNode = FALSE
	EndGlobalSection
	GlobalSection(ExtensibilityGlobals) = postSolution
		SolutionGuid = {D2D75290-73E2-4D0D-827D-7178FE323803}
	EndGlobalSection
EndGlobal
